
Microsoft Visual Studio Solution File, Format Version 12.00
# Visual Studio 15
VisualStudioVersion = 15.0.26228.10
MinimumVisualStudioVersion = 10.0.40219.1
Project("{FAE04EC0-301F-11D3-BF4B-00C04F79EFBC}") = "FormSize", "FormSize\FormSize.csproj", "{ED64F193-EF61-4582-9FA8-9E72253B5509}"
EndProject
Project("{FAE04EC0-301F-11D3-BF4B-00C04F79EFBC}") = "RandomClear", "RandomClear\RandomClear.csproj", "{2F21E023-ED89-4E57-AC62-620EA308AB49}"
EndProject
Project("{FAE04EC0-301F-11D3-BF4B-00C04F79EFBC}") = "RandomClearResizeRedraw", "RandomClearResizeRedraw\RandomClearResizeRedraw.csproj", "{DE11B769-85D8-43E0-B2EA-AF7A5FD8039E}"
EndProject
Project("{FAE04EC0-301F-11D3-BF4B-00C04F79EFBC}") = "SysInfoList", "SysInfoList\SysInfoList.csproj", "{CBF7E76E-D368-455D-BC1F-9035B4BB563F}"
EndProject
Project("{FAE04EC0-301F-11D3-BF4B-00C04F79EFBC}") = "SysInfoUpdate", "SysInfoUpdate\SysInfoUpdate.csproj", "{E2A49508-1F03-40DE-9849-3F1058C608C6}"
EndProject
Project("{2150E333-8FDC-42A3-9474-1A3956D46DE8}") = "Глава 5", "Глава 5", "{0E843B4A-1F31-4B4C-B5CC-3DF61A129648}"
EndProject
Project("{FAE04EC0-301F-11D3-BF4B-00C04F79EFBC}") = "XMarksTheSpot", "XMarksTheSpot\XMarksTheSpot.csproj", "{97AC2EDF-7822-405F-9363-C291C958F6EC}"
EndProject
Project("{FAE04EC0-301F-11D3-BF4B-00C04F79EFBC}") = "HelloPrinter", "HelloPrinter\HelloPrinter.csproj", "{8B1C86E1-AF6C-433C-AC60-8259722BA76F}"
EndProject
Project("{FAE04EC0-301F-11D3-BF4B-00C04F79EFBC}") = "PrintableForm", "PrintableForm\PrintableForm.csproj", "{17CE60E4-3EDF-4585-B14B-858202F08708}"
EndProject
Global
	GlobalSection(SolutionConfigurationPlatforms) = preSolution
		Debug|Any CPU = Debug|Any CPU
		Debug|x86 = Debug|x86
		Release|Any CPU = Release|Any CPU
		Release|x86 = Release|x86
	EndGlobalSection
	GlobalSection(ProjectConfigurationPlatforms) = postSolution
		{ED64F193-EF61-4582-9FA8-9E72253B5509}.Debug|Any CPU.ActiveCfg = Debug|Any CPU
		{ED64F193-EF61-4582-9FA8-9E72253B5509}.Debug|Any CPU.Build.0 = Debug|Any CPU
		{ED64F193-EF61-4582-9FA8-9E72253B5509}.Debug|x86.ActiveCfg = Debug|Any CPU
		{ED64F193-EF61-4582-9FA8-9E72253B5509}.Debug|x86.Build.0 = Debug|Any CPU
		{ED64F193-EF61-4582-9FA8-9E72253B5509}.Release|Any CPU.ActiveCfg = Release|Any CPU
		{ED64F193-EF61-4582-9FA8-9E72253B5509}.Release|Any CPU.Build.0 = Release|Any CPU
		{ED64F193-EF61-4582-9FA8-9E72253B5509}.Release|x86.ActiveCfg = Release|Any CPU
		{ED64F193-EF61-4582-9FA8-9E72253B5509}.Release|x86.Build.0 = Release|Any CPU
		{2F21E023-ED89-4E57-AC62-620EA308AB49}.Debug|Any CPU.ActiveCfg = Debug|Any CPU
		{2F21E023-ED89-4E57-AC62-620EA308AB49}.Debug|Any CPU.Build.0 = Debug|Any CPU
		{2F21E023-ED89-4E57-AC62-620EA308AB49}.Debug|x86.ActiveCfg = Debug|Any CPU
		{2F21E023-ED89-4E57-AC62-620EA308AB49}.Debug|x86.Build.0 = Debug|Any CPU
		{2F21E023-ED89-4E57-AC62-620EA308AB49}.Release|Any CPU.ActiveCfg = Release|Any CPU
		{2F21E023-ED89-4E57-AC62-620EA308AB49}.Release|Any CPU.Build.0 = Release|Any CPU
		{2F21E023-ED89-4E57-AC62-620EA308AB49}.Release|x86.ActiveCfg = Release|Any CPU
		{2F21E023-ED89-4E57-AC62-620EA308AB49}.Release|x86.Build.0 = Release|Any CPU
		{DE11B769-85D8-43E0-B2EA-AF7A5FD8039E}.Debug|Any CPU.ActiveCfg = Debug|Any CPU
		{DE11B769-85D8-43E0-B2EA-AF7A5FD8039E}.Debug|Any CPU.Build.0 = Debug|Any CPU
		{DE11B769-85D8-43E0-B2EA-AF7A5FD8039E}.Debug|x86.ActiveCfg = Debug|Any CPU
		{DE11B769-85D8-43E0-B2EA-AF7A5FD8039E}.Debug|x86.Build.0 = Debug|Any CPU
		{DE11B769-85D8-43E0-B2EA-AF7A5FD8039E}.Release|Any CPU.ActiveCfg = Release|Any CPU
		{DE11B769-85D8-43E0-B2EA-AF7A5FD8039E}.Release|Any CPU.Build.0 = Release|Any CPU
		{DE11B769-85D8-43E0-B2EA-AF7A5FD8039E}.Release|x86.ActiveCfg = Release|Any CPU
		{DE11B769-85D8-43E0-B2EA-AF7A5FD8039E}.Release|x86.Build.0 = Release|Any CPU
		{CBF7E76E-D368-455D-BC1F-9035B4BB563F}.Debug|Any CPU.ActiveCfg = Debug|x86
		{CBF7E76E-D368-455D-BC1F-9035B4BB563F}.Debug|x86.ActiveCfg = Debug|x86
		{CBF7E76E-D368-455D-BC1F-9035B4BB563F}.Debug|x86.Build.0 = Debug|x86
		{CBF7E76E-D368-455D-BC1F-9035B4BB563F}.Release|Any CPU.ActiveCfg = Release|x86
		{CBF7E76E-D368-455D-BC1F-9035B4BB563F}.Release|x86.ActiveCfg = Release|x86
		{CBF7E76E-D368-455D-BC1F-9035B4BB563F}.Release|x86.Build.0 = Release|x86
		{E2A49508-1F03-40DE-9849-3F1058C608C6}.Debug|Any CPU.ActiveCfg = Debug|Any CPU
		{E2A49508-1F03-40DE-9849-3F1058C608C6}.Debug|Any CPU.Build.0 = Debug|Any CPU
		{E2A49508-1F03-40DE-9849-3F1058C608C6}.Debug|x86.ActiveCfg = Debug|Any CPU
		{E2A49508-1F03-40DE-9849-3F1058C608C6}.Debug|x86.Build.0 = Debug|Any CPU
		{E2A49508-1F03-40DE-9849-3F1058C608C6}.Release|Any CPU.ActiveCfg = Release|Any CPU
		{E2A49508-1F03-40DE-9849-3F1058C608C6}.Release|Any CPU.Build.0 = Release|Any CPU
		{E2A49508-1F03-40DE-9849-3F1058C608C6}.Release|x86.ActiveCfg = Release|Any CPU
		{E2A49508-1F03-40DE-9849-3F1058C608C6}.Release|x86.Build.0 = Release|Any CPU
		{97AC2EDF-7822-405F-9363-C291C958F6EC}.Debug|Any CPU.ActiveCfg = Debug|Any CPU
		{97AC2EDF-7822-405F-9363-C291C958F6EC}.Debug|Any CPU.Build.0 = Debug|Any CPU
		{97AC2EDF-7822-405F-9363-C291C958F6EC}.Debug|x86.ActiveCfg = Debug|Any CPU
		{97AC2EDF-7822-405F-9363-C291C958F6EC}.Debug|x86.Build.0 = Debug|Any CPU
		{97AC2EDF-7822-405F-9363-C291C958F6EC}.Release|Any CPU.ActiveCfg = Release|Any CPU
		{97AC2EDF-7822-405F-9363-C291C958F6EC}.Release|Any CPU.Build.0 = Release|Any CPU
		{97AC2EDF-7822-405F-9363-C291C958F6EC}.Release|x86.ActiveCfg = Release|Any CPU
		{97AC2EDF-7822-405F-9363-C291C958F6EC}.Release|x86.Build.0 = Release|Any CPU
		{8B1C86E1-AF6C-433C-AC60-8259722BA76F}.Debug|Any CPU.ActiveCfg = Debug|Any CPU
		{8B1C86E1-AF6C-433C-AC60-8259722BA76F}.Debug|Any CPU.Build.0 = Debug|Any CPU
		{8B1C86E1-AF6C-433C-AC60-8259722BA76F}.Debug|x86.ActiveCfg = Debug|Any CPU
		{8B1C86E1-AF6C-433C-AC60-8259722BA76F}.Debug|x86.Build.0 = Debug|Any CPU
		{8B1C86E1-AF6C-433C-AC60-8259722BA76F}.Release|Any CPU.ActiveCfg = Release|Any CPU
		{8B1C86E1-AF6C-433C-AC60-8259722BA76F}.Release|Any CPU.Build.0 = Release|Any CPU
		{8B1C86E1-AF6C-433C-AC60-8259722BA76F}.Release|x86.ActiveCfg = Release|Any CPU
		{8B1C86E1-AF6C-433C-AC60-8259722BA76F}.Release|x86.Build.0 = Release|Any CPU
		{17CE60E4-3EDF-4585-B14B-858202F08708}.Debug|Any CPU.ActiveCfg = Debug|Any CPU
		{17CE60E4-3EDF-4585-B14B-858202F08708}.Debug|Any CPU.Build.0 = Debug|Any CPU
		{17CE60E4-3EDF-4585-B14B-858202F08708}.Debug|x86.ActiveCfg = Debug|Any CPU
		{17CE60E4-3EDF-4585-B14B-858202F08708}.Debug|x86.Build.0 = Debug|Any CPU
		{17CE60E4-3EDF-4585-B14B-858202F08708}.Release|Any CPU.ActiveCfg = Release|Any CPU
		{17CE60E4-3EDF-4585-B14B-858202F08708}.Release|Any CPU.Build.0 = Release|Any CPU
		{17CE60E4-3EDF-4585-B14B-858202F08708}.Release|x86.ActiveCfg = Release|Any CPU
		{17CE60E4-3EDF-4585-B14B-858202F08708}.Release|x86.Build.0 = Release|Any CPU
	EndGlobalSection
	GlobalSection(SolutionProperties) = preSolution
		HideSolutionNode = FALSE
	EndGlobalSection
	GlobalSection(NestedProjects) = preSolution
		{97AC2EDF-7822-405F-9363-C291C958F6EC} = {0E843B4A-1F31-4B4C-B5CC-3DF61A129648}
		{8B1C86E1-AF6C-433C-AC60-8259722BA76F} = {0E843B4A-1F31-4B4C-B5CC-3DF61A129648}
		{17CE60E4-3EDF-4585-B14B-858202F08708} = {0E843B4A-1F31-4B4C-B5CC-3DF61A129648}
	EndGlobalSection
EndGlobal
